
Microsoft Visual Studio Solution File, Format Version 12.00
# Visual Studio Version 17
VisualStudioVersion = 17.14.36511.14
MinimumVisualStudioVersion = 10.0.40219.1
Project("{FAE04EC0-301F-11D3-BF4B-00C04F79EFBC}") = "FaqApp.Api", "FaqApp.Api\FaqApp.Api.csproj", "{9778EA9F-392B-4B6A-9A52-F360929B2622}"
EndProject
Project("{FAE04EC0-301F-11D3-BF4B-00C04F79EFBC}") = "FaqApp.Api.Tests", "FaqApp.Api.Tests\FaqApp.Api.Tests.csproj", "{7EAF0824-7A33-48CF-8C75-BBDEFF79E41F}"
EndProject
Global
	GlobalSection(SolutionConfigurationPlatforms) = preSolution
		Debug|Any CPU = Debug|Any CPU
		Debug|x64 = Debug|x64
		Debug|x86 = Debug|x86
		Release|Any CPU = Release|Any CPU
		Release|x64 = Release|x64
		Release|x86 = Release|x86
	EndGlobalSection
	GlobalSection(ProjectConfigurationPlatforms) = postSolution
		{9778EA9F-392B-4B6A-9A52-F360929B2622}.Debug|Any CPU.ActiveCfg = Debug|Any CPU
		{9778EA9F-392B-4B6A-9A52-F360929B2622}.Debug|Any CPU.Build.0 = Debug|Any CPU
		{9778EA9F-392B-4B6A-9A52-F360929B2622}.Debug|x64.ActiveCfg = Debug|Any CPU
		{9778EA9F-392B-4B6A-9A52-F360929B2622}.Debug|x64.Build.0 = Debug|Any CPU
		{9778EA9F-392B-4B6A-9A52-F360929B2622}.Debug|x86.ActiveCfg = Debug|Any CPU
		{9778EA9F-392B-4B6A-9A52-F360929B2622}.Debug|x86.Build.0 = Debug|Any CPU
		{9778EA9F-392B-4B6A-9A52-F360929B2622}.Release|Any CPU.ActiveCfg = Release|Any CPU
		{9778EA9F-392B-4B6A-9A52-F360929B2622}.Release|Any CPU.Build.0 = Release|Any CPU
		{9778EA9F-392B-4B6A-9A52-F360929B2622}.Release|x64.ActiveCfg = Release|Any CPU
		{9778EA9F-392B-4B6A-9A52-F360929B2622}.Release|x64.Build.0 = Release|Any CPU
		{9778EA9F-392B-4B6A-9A52-F360929B2622}.Release|x86.ActiveCfg = Release|Any CPU
		{9778EA9F-392B-4B6A-9A52-F360929B2622}.Release|x86.Build.0 = Release|Any CPU
		{7EAF0824-7A33-48CF-8C75-BBDEFF79E41F}.Debug|Any CPU.ActiveCfg = Debug|Any CPU
		{7EAF0824-7A33-48CF-8C75-BBDEFF79E41F}.Debug|Any CPU.Build.0 = Debug|Any CPU
		{7EAF0824-7A33-48CF-8C75-BBDEFF79E41F}.Debug|x64.ActiveCfg = Debug|Any CPU
		{7EAF0824-7A33-48CF-8C75-BBDEFF79E41F}.Debug|x64.Build.0 = Debug|Any CPU
		{7EAF0824-7A33-48CF-8C75-BBDEFF79E41F}.Debug|x86.ActiveCfg = Debug|Any CPU
		{7EAF0824-7A33-48CF-8C75-BBDEFF79E41F}.Debug|x86.Build.0 = Debug|Any CPU
		{7EAF0824-7A33-48CF-8C75-BBDEFF79E41F}.Release|Any CPU.ActiveCfg = Release|Any CPU
		{7EAF0824-7A33-48CF-8C75-BBDEFF79E41F}.Release|Any CPU.Build.0 = Release|Any CPU
		{7EAF0824-7A33-48CF-8C75-BBDEFF79E41F}.Release|x64.ActiveCfg = Release|Any CPU
		{7EAF0824-7A33-48CF-8C75-BBDEFF79E41F}.Release|x64.Build.0 = Release|Any CPU
		{7EAF0824-7A33-48CF-8C75-BBDEFF79E41F}.Release|x86.ActiveCfg = Release|Any CPU
		{7EAF0824-7A33-48CF-8C75-BBDEFF79E41F}.Release|x86.Build.0 = Release|Any CPU
	EndGlobalSection
	GlobalSection(SolutionProperties) = preSolution
		HideSolutionNode = FALSE
	EndGlobalSection
	GlobalSection(ExtensibilityGlobals) = postSolution
		SolutionGuid = {29BEDA95-EF7B-429F-8EF4-9AF3F9F1DDF4}
	EndGlobalSection
EndGlobal
